// !$*UTF8*$!
{
	archiveVersion = 1;
	classes = {
	};
	objectVersion = 56;
	objects = {

/* Begin PBXBuildFile section */
		A92E3D4E29C4681000A99522 /* temtem_upApp.swift in Sources */ = {isa = PBXBuildFile; fileRef = A92E3D4D29C4681000A99522 /* temtem_upApp.swift */; };
		A92E3D5029C4681000A99522 /* ContentView.swift in Sources */ = {isa = PBXBuildFile; fileRef = A92E3D4F29C4681000A99522 /* ContentView.swift */; };
		A92E3D5229C4681100A99522 /* Assets.xcassets in Resources */ = {isa = PBXBuildFile; fileRef = A92E3D5129C4681100A99522 /* Assets.xcassets */; };
		A92E3D5529C4681100A99522 /* Preview Assets.xcassets in Resources */ = {isa = PBXBuildFile; fileRef = A92E3D5429C4681100A99522 /* Preview Assets.xcassets */; };
		A92E3D5F29C4681100A99522 /* temtem_upTests.swift in Sources */ = {isa = PBXBuildFile; fileRef = A92E3D5E29C4681100A99522 /* temtem_upTests.swift */; };
		A92E3D6929C4681100A99522 /* temtem_upUITests.swift in Sources */ = {isa = PBXBuildFile; fileRef = A92E3D6829C4681100A99522 /* temtem_upUITests.swift */; };
		A92E3D6B29C4681100A99522 /* temtem_upUITestsLaunchTests.swift in Sources */ = {isa = PBXBuildFile; fileRef = A92E3D6A29C4681100A99522 /* temtem_upUITestsLaunchTests.swift */; };
		A92E3D7929C4C0C500A99522 /* Shimmer.swift in Sources */ = {isa = PBXBuildFile; fileRef = A92E3D7829C4C0C500A99522 /* Shimmer.swift */; };
/* End PBXBuildFile section */

/* Begin PBXContainerItemProxy section */
		A92E3D5B29C4681100A99522 /* PBXContainerItemProxy */ = {
			isa = PBXContainerItemProxy;
			containerPortal = A92E3D4229C4681000A99522 /* Project object */;
			proxyType = 1;
			remoteGlobalIDString = A92E3D4929C4681000A99522;
			remoteInfo = "temtem-up";
		};
		A92E3D6529C4681100A99522 /* PBXContainerItemProxy */ = {
			isa = PBXContainerItemProxy;
			containerPortal = A92E3D4229C4681000A99522 /* Project object */;
			proxyType = 1;
			remoteGlobalIDString = A92E3D4929C4681000A99522;
			remoteInfo = "temtem-up";
		};
/* End PBXContainerItemProxy section */

/* Begin PBXFileReference section */
		A92E3D4A29C4681000A99522 /* temtem-up.app */ = {isa = PBXFileReference; explicitFileType = wrapper.application; includeInIndex = 0; path = "temtem-up.app"; sourceTree = BUILT_PRODUCTS_DIR; };
		A92E3D4D29C4681000A99522 /* temtem_upApp.swift */ = {isa = PBXFileReference; lastKnownFileType = sourcecode.swift; path = temtem_upApp.swift; sourceTree = "<group>"; };
		A92E3D4F29C4681000A99522 /* ContentView.swift */ = {isa = PBXFileReference; lastKnownFileType = sourcecode.swift; path = ContentView.swift; sourceTree = "<group>"; };
		A92E3D5129C4681100A99522 /* Assets.xcassets */ = {isa = PBXFileReference; lastKnownFileType = folder.assetcatalog; path = Assets.xcassets; sourceTree = "<group>"; };
		A92E3D5429C4681100A99522 /* Preview Assets.xcassets */ = {isa = PBXFileReference; lastKnownFileType = folder.assetcatalog; path = "Preview Assets.xcassets"; sourceTree = "<group>"; };
		A92E3D5A29C4681100A99522 /* temtem-upTests.xctest */ = {isa = PBXFileReference; explicitFileType = wrapper.cfbundle; includeInIndex = 0; path = "temtem-upTests.xctest"; sourceTree = BUILT_PRODUCTS_DIR; };
		A92E3D5E29C4681100A99522 /* temtem_upTests.swift */ = {isa = PBXFileReference; lastKnownFileType = sourcecode.swift; path = temtem_upTests.swift; sourceTree = "<group>"; };
		A92E3D6429C4681100A99522 /* temtem-upUITests.xctest */ = {isa = PBXFileReference; explicitFileType = wrapper.cfbundle; includeInIndex = 0; path = "temtem-upUITests.xctest"; sourceTree = BUILT_PRODUCTS_DIR; };
		A92E3D6829C4681100A99522 /* temtem_upUITests.swift */ = {isa = PBXFileReference; lastKnownFileType = sourcecode.swift; path = temtem_upUITests.swift; sourceTree = "<group>"; };
		A92E3D6A29C4681100A99522 /* temtem_upUITestsLaunchTests.swift */ = {isa = PBXFileReference; lastKnownFileType = sourcecode.swift; path = temtem_upUITestsLaunchTests.swift; sourceTree = "<group>"; };
		A92E3D7829C4C0C500A99522 /* Shimmer.swift */ = {isa = PBXFileReference; lastKnownFileType = sourcecode.swift; path = Shimmer.swift; sourceTree = "<group>"; };
/* End PBXFileReference section */

/* Begin PBXFrameworksBuildPhase section */
		A92E3D4729C4681000A99522 /* Frameworks */ = {
			isa = PBXFrameworksBuildPhase;
			buildActionMask = 2147483647;
			files = (
			);
			runOnlyForDeploymentPostprocessing = 0;
		};
		A92E3D5729C4681100A99522 /* Frameworks */ = {
			isa = PBXFrameworksBuildPhase;
			buildActionMask = 2147483647;
			files = (
			);
			runOnlyForDeploymentPostprocessing = 0;
		};
		A92E3D6129C4681100A99522 /* Frameworks */ = {
			isa = PBXFrameworksBuildPhase;
			buildActionMask = 2147483647;
			files = (
			);
			runOnlyForDeploymentPostprocessing = 0;
		};
/* End PBXFrameworksBuildPhase section */

/* Begin PBXGroup section */
		A92E3D4129C4681000A99522 = {
			isa = PBXGroup;
			children = (
				A92E3D4C29C4681000A99522 /* temtem-up */,
				A92E3D5D29C4681100A99522 /* temtem-upTests */,
				A92E3D6729C4681100A99522 /* temtem-upUITests */,
				A92E3D4B29C4681000A99522 /* Products */,
			);
			sourceTree = "<group>";
		};
		A92E3D4B29C4681000A99522 /* Products */ = {
			isa = PBXGroup;
			children = (
				A92E3D4A29C4681000A99522 /* temtem-up.app */,
				A92E3D5A29C4681100A99522 /* temtem-upTests.xctest */,
				A92E3D6429C4681100A99522 /* temtem-upUITests.xctest */,
			);
			name = Products;
			sourceTree = "<group>";
		};
		A92E3D4C29C4681000A99522 /* temtem-up */ = {
			isa = PBXGroup;
			children = (
				A92E3D7729C4C0BD00A99522 /* Helpers */,
				A92E3D4D29C4681000A99522 /* temtem_upApp.swift */,
				A92E3D4F29C4681000A99522 /* ContentView.swift */,
				A92E3D5129C4681100A99522 /* Assets.xcassets */,
				A92E3D5329C4681100A99522 /* Preview Content */,
			);
			path = "temtem-up";
			sourceTree = "<group>";
		};
		A92E3D5329C4681100A99522 /* Preview Content */ = {
			isa = PBXGroup;
			children = (
				A92E3D5429C4681100A99522 /* Preview Assets.xcassets */,
			);
			path = "Preview Content";
			sourceTree = "<group>";
		};
		A92E3D5D29C4681100A99522 /* temtem-upTests */ = {
			isa = PBXGroup;
			children = (
				A92E3D5E29C4681100A99522 /* temtem_upTests.swift */,
			);
			path = "temtem-upTests";
			sourceTree = "<group>";
		};
		A92E3D6729C4681100A99522 /* temtem-upUITests */ = {
			isa = PBXGroup;
			children = (
				A92E3D6829C4681100A99522 /* temtem_upUITests.swift */,
				A92E3D6A29C4681100A99522 /* temtem_upUITestsLaunchTests.swift */,
			);
			path = "temtem-upUITests";
			sourceTree = "<group>";
		};
		A92E3D7729C4C0BD00A99522 /* Helpers */ = {
			isa = PBXGroup;
			children = (
				A92E3D7829C4C0C500A99522 /* Shimmer.swift */,
			);
			path = Helpers;
			sourceTree = "<group>";
		};
/* End PBXGroup section */

/* Begin PBXNativeTarget section */
		A92E3D4929C4681000A99522 /* temtem-up */ = {
			isa = PBXNativeTarget;
			buildConfigurationList = A92E3D6E29C4681100A99522 /* Build configuration list for PBXNativeTarget "temtem-up" */;
			buildPhases = (
				A92E3D4629C4681000A99522 /* Sources */,
				A92E3D4729C4681000A99522 /* Frameworks */,
				A92E3D4829C4681000A99522 /* Resources */,
			);
			buildRules = (
			);
			dependencies = (
			);
			name = "temtem-up";
			productName = "temtem-up";
			productReference = A92E3D4A29C4681000A99522 /* temtem-up.app */;
			productType = "com.apple.product-type.application";
		};
		A92E3D5929C4681100A99522 /* temtem-upTests */ = {
			isa = PBXNativeTarget;
			buildConfigurationList = A92E3D7129C4681100A99522 /* Build configuration list for PBXNativeTarget "temtem-upTests" */;
			buildPhases = (
				A92E3D5629C4681100A99522 /* Sources */,
				A92E3D5729C4681100A99522 /* Frameworks */,
				A92E3D5829C4681100A99522 /* Resources */,
			);
			buildRules = (
			);
			dependencies = (
				A92E3D5C29C4681100A99522 /* PBXTargetDependency */,
			);
			name = "temtem-upTests";
			productName = "temtem-upTests";
			productReference = A92E3D5A29C4681100A99522 /* temtem-upTests.xctest */;
			productType = "com.apple.product-type.bundle.unit-test";
		};
		A92E3D6329C4681100A99522 /* temtem-upUITests */ = {
			isa = PBXNativeTarget;
			buildConfigurationList = A92E3D7429C4681100A99522 /* Build configuration list for PBXNativeTarget "temtem-upUITests" */;
			buildPhases = (
				A92E3D6029C4681100A99522 /* Sources */,
				A92E3D6129C4681100A99522 /* Frameworks */,
				A92E3D6229C4681100A99522 /* Resources */,
			);
			buildRules = (
			);
			dependencies = (
				A92E3D6629C4681100A99522 /* PBXTargetDependency */,
			);
			name = "temtem-upUITests";
			productName = "temtem-upUITests";
			productReference = A92E3D6429C4681100A99522 /* temtem-upUITests.xctest */;
			productType = "com.apple.product-type.bundle.ui-testing";
		};
/* End PBXNativeTarget section */

/* Begin PBXProject section */
		A92E3D4229C4681000A99522 /* Project object */ = {
			isa = PBXProject;
			attributes = {
				BuildIndependentTargetsInParallel = 1;
				LastSwiftUpdateCheck = 1420;
				LastUpgradeCheck = 1420;
				TargetAttributes = {
					A92E3D4929C4681000A99522 = {
						CreatedOnToolsVersion = 14.2;
					};
					A92E3D5929C4681100A99522 = {
						CreatedOnToolsVersion = 14.2;
						TestTargetID = A92E3D4929C4681000A99522;
					};
					A92E3D6329C4681100A99522 = {
						CreatedOnToolsVersion = 14.2;
						TestTargetID = A92E3D4929C4681000A99522;
					};
				};
			};
			buildConfigurationList = A92E3D4529C4681000A99522 /* Build configuration list for PBXProject "temtem-up" */;
			compatibilityVersion = "Xcode 14.0";
			developmentRegion = en;
			hasScannedForEncodings = 0;
			knownRegions = (
				en,
				Base,
			);
			mainGroup = A92E3D4129C4681000A99522;
			productRefGroup = A92E3D4B29C4681000A99522 /* Products */;
			projectDirPath = "";
			projectRoot = "";
			targets = (
				A92E3D4929C4681000A99522 /* temtem-up */,
				A92E3D5929C4681100A99522 /* temtem-upTests */,
				A92E3D6329C4681100A99522 /* temtem-upUITests */,
			);
		};
/* End PBXProject section */

/* Begin PBXResourcesBuildPhase section */
		A92E3D4829C4681000A99522 /* Resources */ = {
			isa = PBXResourcesBuildPhase;
			buildActionMask = 2147483647;
			files = (
				A92E3D5529C4681100A99522 /* Preview Assets.xcassets in Resources */,
				A92E3D5229C4681100A99522 /* Assets.xcassets in Resources */,
			);
			runOnlyForDeploymentPostprocessing = 0;
		};
		A92E3D5829C4681100A99522 /* Resources */ = {
			isa = PBXResourcesBuildPhase;
			buildActionMask = 2147483647;
			files = (
			);
			runOnlyForDeploymentPostprocessing = 0;
		};
		A92E3D6229C4681100A99522 /* Resources */ = {
			isa = PBXResourcesBuildPhase;
			buildActionMask = 2147483647;
			files = (
			);
			runOnlyForDeploymentPostprocessing = 0;
		};
/* End PBXResourcesBuildPhase section */

/* Begin PBXSourcesBuildPhase section */
		A92E3D4629C4681000A99522 /* Sources */ = {
			isa = PBXSourcesBuildPhase;
			buildActionMask = 2147483647;
			files = (
				A92E3D5029C4681000A99522 /* ContentView.swift in Sources */,
				A92E3D7929C4C0C500A99522 /* Shimmer.swift in Sources */,
				A92E3D4E29C4681000A99522 /* temtem_upApp.swift in Sources */,
			);
			runOnlyForDeploymentPostprocessing = 0;
		};
		A92E3D5629C4681100A99522 /* Sources */ = {
			isa = PBXSourcesBuildPhase;
			buildActionMask = 2147483647;
			files = (
				A92E3D5F29C4681100A99522 /* temtem_upTests.swift in Sources */,
			);
			runOnlyForDeploymentPostprocessing = 0;
		};
		A92E3D6029C4681100A99522 /* Sources */ = {
			isa = PBXSourcesBuildPhase;
			buildActionMask = 2147483647;
			files = (
				A92E3D6929C4681100A99522 /* temtem_upUITests.swift in Sources */,
				A92E3D6B29C4681100A99522 /* temtem_upUITestsLaunchTests.swift in Sources */,
			);
			runOnlyForDeploymentPostprocessing = 0;
		};
/* End PBXSourcesBuildPhase section */

/* Begin PBXTargetDependency section */
		A92E3D5C29C4681100A99522 /* PBXTargetDependency */ = {
			isa = PBXTargetDependency;
			target = A92E3D4929C4681000A99522 /* temtem-up */;
			targetProxy = A92E3D5B29C4681100A99522 /* PBXContainerItemProxy */;
		};
		A92E3D6629C4681100A99522 /* PBXTargetDependency */ = {
			isa = PBXTargetDependency;
			target = A92E3D4929C4681000A99522 /* temtem-up */;
			targetProxy = A92E3D6529C4681100A99522 /* PBXContainerItemProxy */;
		};
/* End PBXTargetDependency section */

/* Begin XCBuildConfiguration section */
		A92E3D6C29C4681100A99522 /* Debug */ = {
			isa = XCBuildConfiguration;
			buildSettings = {
				ALWAYS_SEARCH_USER_PATHS = NO;
				CLANG_ANALYZER_NONNULL = YES;
				CLANG_ANALYZER_NUMBER_OBJECT_CONVERSION = YES_AGGRESSIVE;
				CLANG_CXX_LANGUAGE_STANDARD = "gnu++20";
				CLANG_ENABLE_MODULES = YES;
				CLANG_ENABLE_OBJC_ARC = YES;
				CLANG_ENABLE_OBJC_WEAK = YES;
				CLANG_WARN_BLOCK_CAPTURE_AUTORELEASING = YES;
				CLANG_WARN_BOOL_CONVERSION = YES;
				CLANG_WARN_COMMA = YES;
				CLANG_WARN_CONSTANT_CONVERSION = YES;
				CLANG_WARN_DEPRECATED_OBJC_IMPLEMENTATIONS = YES;
				CLANG_WARN_DIRECT_OBJC_ISA_USAGE = YES_ERROR;
				CLANG_WARN_DOCUMENTATION_COMMENTS = YES;
				CLANG_WARN_EMPTY_BODY = YES;
				CLANG_WARN_ENUM_CONVERSION = YES;
				CLANG_WARN_INFINITE_RECURSION = YES;
				CLANG_WARN_INT_CONVERSION = YES;
				CLANG_WARN_NON_LITERAL_NULL_CONVERSION = YES;
				CLANG_WARN_OBJC_IMPLICIT_RETAIN_SELF = YES;
				CLANG_WARN_OBJC_LITERAL_CONVERSION = YES;
				CLANG_WARN_OBJC_ROOT_CLASS = YES_ERROR;
				CLANG_WARN_QUOTED_INCLUDE_IN_FRAMEWORK_HEADER = YES;
				CLANG_WARN_RANGE_LOOP_ANALYSIS = YES;
				CLANG_WARN_STRICT_PROTOTYPES = YES;
				CLANG_WARN_SUSPICIOUS_MOVE = YES;
				CLANG_WARN_UNGUARDED_AVAILABILITY = YES_AGGRESSIVE;
				CLANG_WARN_UNREACHABLE_CODE = YES;
				CLANG_WARN__DUPLICATE_METHOD_MATCH = YES;
				COPY_PHASE_STRIP = NO;
				DEBUG_INFORMATION_FORMAT = dwarf;
				ENABLE_STRICT_OBJC_MSGSEND = YES;
				ENABLE_TESTABILITY = YES;
				GCC_C_LANGUAGE_STANDARD = gnu11;
				GCC_DYNAMIC_NO_PIC = NO;
				GCC_NO_COMMON_BLOCKS = YES;
				GCC_OPTIMIZATION_LEVEL = 0;
				GCC_PREPROCESSOR_DEFINITIONS = (
					"DEBUG=1",
					"$(inherited)",
				);
				GCC_WARN_64_TO_32_BIT_CONVERSION = YES;
				GCC_WARN_ABOUT_RETURN_TYPE = YES_ERROR;
				GCC_WARN_UNDECLARED_SELECTOR = YES;
				GCC_WARN_UNINITIALIZED_AUTOS = YES_AGGRESSIVE;
				GCC_WARN_UNUSED_FUNCTION = YES;
				GCC_WARN_UNUSED_VARIABLE = YES;
				IPHONEOS_DEPLOYMENT_TARGET = 16.2;
				MTL_ENABLE_DEBUG_INFO = INCLUDE_SOURCE;
				MTL_FAST_MATH = YES;
				ONLY_ACTIVE_ARCH = YES;
				SDKROOT = iphoneos;
				SWIFT_ACTIVE_COMPILATION_CONDITIONS = DEBUG;
				SWIFT_OPTIMIZATION_LEVEL = "-Onone";
			};
			name = Debug;
		};
		A92E3D6D29C4681100A99522 /* Release */ = {
			isa = XCBuildConfiguration;
			buildSettings = {
				ALWAYS_SEARCH_USER_PATHS = NO;
				CLANG_ANALYZER_NONNULL = YES;
				CLANG_ANALYZER_NUMBER_OBJECT_CONVERSION = YES_AGGRESSIVE;
				CLANG_CXX_LANGUAGE_STANDARD = "gnu++20";
				CLANG_ENABLE_MODULES = YES;
				CLANG_ENABLE_OBJC_ARC = YES;
				CLANG_ENABLE_OBJC_WEAK = YES;
				CLANG_WARN_BLOCK_CAPTURE_AUTORELEASING = YES;
				CLANG_WARN_BOOL_CONVERSION = YES;
				CLANG_WARN_COMMA = YES;
				CLANG_WARN_CONSTANT_CONVERSION = YES;
				CLANG_WARN_DEPRECATED_OBJC_IMPLEMENTATIONS = YES;
				CLANG_WARN_DIRECT_OBJC_ISA_USAGE = YES_ERROR;
				CLANG_WARN_DOCUMENTATION_COMMENTS = YES;
				CLANG_WARN_EMPTY_BODY = YES;
				CLANG_WARN_ENUM_CONVERSION = YES;
				CLANG_WARN_INFINITE_RECURSION = YES;
				CLANG_WARN_INT_CONVERSION = YES;
				CLANG_WARN_NON_LITERAL_NULL_CONVERSION = YES;
				CLANG_WARN_OBJC_IMPLICIT_RETAIN_SELF = YES;
				CLANG_WARN_OBJC_LITERAL_CONVERSION = YES;
				CLANG_WARN_OBJC_ROOT_CLASS = YES_ERROR;
				CLANG_WARN_QUOTED_INCLUDE_IN_FRAMEWORK_HEADER = YES;
				CLANG_WARN_RANGE_LOOP_ANALYSIS = YES;
				CLANG_WARN_STRICT_PROTOTYPES = YES;
				CLANG_WARN_SUSPICIOUS_MOVE = YES;
				CLANG_WARN_UNGUARDED_AVAILABILITY = YES_AGGRESSIVE;
				CLANG_WARN_UNREACHABLE_CODE = YES;
				CLANG_WARN__DUPLICATE_METHOD_MATCH = YES;
				COPY_PHASE_STRIP = NO;
				DEBUG_INFORMATION_FORMAT = "dwarf-with-dsym";
				ENABLE_NS_ASSERTIONS = NO;
				ENABLE_STRICT_OBJC_MSGSEND = YES;
				GCC_C_LANGUAGE_STANDARD = gnu11;
				GCC_NO_COMMON_BLOCKS = YES;
				GCC_WARN_64_TO_32_BIT_CONVERSION = YES;
				GCC_WARN_ABOUT_RETURN_TYPE = YES_ERROR;
				GCC_WARN_UNDECLARED_SELECTOR = YES;
				GCC_WARN_UNINITIALIZED_AUTOS = YES_AGGRESSIVE;
				GCC_WARN_UNUSED_FUNCTION = YES;
				GCC_WARN_UNUSED_VARIABLE = YES;
				IPHONEOS_DEPLOYMENT_TARGET = 16.2;
				MTL_ENABLE_DEBUG_INFO = NO;
				MTL_FAST_MATH = YES;
				SDKROOT = iphoneos;
				SWIFT_COMPILATION_MODE = wholemodule;
				SWIFT_OPTIMIZATION_LEVEL = "-O";
				VALIDATE_PRODUCT = YES;
			};
			name = Release;
		};
		A92E3D6F29C4681100A99522 /* Debug */ = {
			isa = XCBuildConfiguration;
			buildSettings = {
				ASSETCATALOG_COMPILER_APPICON_NAME = AppIcon;
				ASSETCATALOG_COMPILER_GLOBAL_ACCENT_COLOR_NAME = AccentColor;
				CODE_SIGN_STYLE = Automatic;
				CURRENT_PROJECT_VERSION = 1;
				DEVELOPMENT_ASSET_PATHS = "\"temtem-up/Preview Content\"";
				ENABLE_PREVIEWS = YES;
				GENERATE_INFOPLIST_FILE = YES;
				INFOPLIST_KEY_UIApplicationSceneManifest_Generation = YES;
				INFOPLIST_KEY_UIApplicationSupportsIndirectInputEvents = YES;
				INFOPLIST_KEY_UILaunchScreen_Generation = YES;
				INFOPLIST_KEY_UISupportedInterfaceOrientations_iPad = "UIInterfaceOrientationPortrait UIInterfaceOrientationPortraitUpsideDown UIInterfaceOrientationLandscapeLeft UIInterfaceOrientationLandscapeRight";
				INFOPLIST_KEY_UISupportedInterfaceOrientations_iPhone = "UIInterfaceOrientationPortrait UIInterfaceOrientationLandscapeLeft UIInterfaceOrientationLandscapeRight";
				LD_RUNPATH_SEARCH_PATHS = (
					"$(inherited)",
					"@executable_path/Frameworks",
				);
				MARKETING_VERSION = 1.0;
				PRODUCT_BUNDLE_IDENTIFIER = "com.test.temtem-up";
				PRODUCT_NAME = "$(TARGET_NAME)";
				SWIFT_EMIT_LOC_STRINGS = YES;
				SWIFT_VERSION = 5.0;
				TARGETED_DEVICE_FAMILY = "1,2";
			};
			name = Debug;
		};
		A92E3D7029C4681100A99522 /* Release */ = {
			isa = XCBuildConfiguration;
			buildSettings = {
				ASSETCATALOG_COMPILER_APPICON_NAME = AppIcon;
				ASSETCATALOG_COMPILER_GLOBAL_ACCENT_COLOR_NAME = AccentColor;
				CODE_SIGN_STYLE = Automatic;
				CURRENT_PROJECT_VERSION = 1;
				DEVELOPMENT_ASSET_PATHS = "\"temtem-up/Preview Content\"";
				ENABLE_PREVIEWS = YES;
				GENERATE_INFOPLIST_FILE = YES;
				INFOPLIST_KEY_UIApplicationSceneManifest_Generation = YES;
				INFOPLIST_KEY_UIApplicationSupportsIndirectInputEvents = YES;
				INFOPLIST_KEY_UILaunchScreen_Generation = YES;
				INFOPLIST_KEY_UISupportedInterfaceOrientations_iPad = "UIInterfaceOrientationPortrait UIInterfaceOrientationPortraitUpsideDown UIInterfaceOrientationLandscapeLeft UIInterfaceOrientationLandscapeRight";
				INFOPLIST_KEY_UISupportedInterfaceOrientations_iPhone = "UIInterfaceOrientationPortrait UIInterfaceOrientationLandscapeLeft UIInterfaceOrientationLandscapeRight";
				LD_RUNPATH_SEARCH_PATHS = (
					"$(inherited)",
					"@executable_path/Frameworks",
				);
				MARKETING_VERSION = 1.0;
				PRODUCT_BUNDLE_IDENTIFIER = "com.test.temtem-up";
				PRODUCT_NAME = "$(TARGET_NAME)";
				SWIFT_EMIT_LOC_STRINGS = YES;
				SWIFT_VERSION = 5.0;
				TARGETED_DEVICE_FAMILY = "1,2";
			};
			name = Release;
		};
		A92E3D7229C4681100A99522 /* Debug */ = {
			isa = XCBuildConfiguration;
			buildSettings = {
				ALWAYS_EMBED_SWIFT_STANDARD_LIBRARIES = YES;
				BUNDLE_LOADER = "$(TEST_HOST)";
				CODE_SIGN_STYLE = Automatic;
				CURRENT_PROJECT_VERSION = 1;
				GENERATE_INFOPLIST_FILE = YES;
				IPHONEOS_DEPLOYMENT_TARGET = 16.2;
				MARKETING_VERSION = 1.0;
				PRODUCT_BUNDLE_IDENTIFIER = "com.test.temtem-upTests";
				PRODUCT_NAME = "$(TARGET_NAME)";
				SWIFT_EMIT_LOC_STRINGS = NO;
				SWIFT_VERSION = 5.0;
				TARGETED_DEVICE_FAMILY = "1,2";
				TEST_HOST = "$(BUILT_PRODUCTS_DIR)/temtem-up.app/$(BUNDLE_EXECUTABLE_FOLDER_PATH)/temtem-up";
			};
			name = Debug;
		};
		A92E3D7329C4681100A99522 /* Release */ = {
			isa = XCBuildConfiguration;
			buildSettings = {
				ALWAYS_EMBED_SWIFT_STANDARD_LIBRARIES = YES;
				BUNDLE_LOADER = "$(TEST_HOST)";
				CODE_SIGN_STYLE = Automatic;
				CURRENT_PROJECT_VERSION = 1;
				GENERATE_INFOPLIST_FILE = YES;
				IPHONEOS_DEPLOYMENT_TARGET = 16.2;
				MARKETING_VERSION = 1.0;
				PRODUCT_BUNDLE_IDENTIFIER = "com.test.temtem-upTests";
				PRODUCT_NAME = "$(TARGET_NAME)";
				SWIFT_EMIT_LOC_STRINGS = NO;
				SWIFT_VERSION = 5.0;
				TARGETED_DEVICE_FAMILY = "1,2";
				TEST_HOST = "$(BUILT_PRODUCTS_DIR)/temtem-up.app/$(BUNDLE_EXECUTABLE_FOLDER_PATH)/temtem-up";
			};
			name = Release;
		};
		A92E3D7529C4681100A99522 /* Debug */ = {
			isa = XCBuildConfiguration;
			buildSettings = {
				ALWAYS_EMBED_SWIFT_STANDARD_LIBRARIES = YES;
				CODE_SIGN_STYLE = Automatic;
				CURRENT_PROJECT_VERSION = 1;
				GENERATE_INFOPLIST_FILE = YES;
				MARKETING_VERSION = 1.0;
				PRODUCT_BUNDLE_IDENTIFIER = "com.test.temtem-upUITests";
				PRODUCT_NAME = "$(TARGET_NAME)";
				SWIFT_EMIT_LOC_STRINGS = NO;
				SWIFT_VERSION = 5.0;
				TARGETED_DEVICE_FAMILY = "1,2";
				TEST_TARGET_NAME = "temtem-up";
			};
			name = Debug;
		};
		A92E3D7629C4681100A99522 /* Release */ = {
			isa = XCBuildConfiguration;
			buildSettings = {
				ALWAYS_EMBED_SWIFT_STANDARD_LIBRARIES = YES;
				CODE_SIGN_STYLE = Automatic;
				CURRENT_PROJECT_VERSION = 1;
				GENERATE_INFOPLIST_FILE = YES;
				MARKETING_VERSION = 1.0;
				PRODUCT_BUNDLE_IDENTIFIER = "com.test.temtem-upUITests";
				PRODUCT_NAME = "$(TARGET_NAME)";
				SWIFT_EMIT_LOC_STRINGS = NO;
				SWIFT_VERSION = 5.0;
				TARGETED_DEVICE_FAMILY = "1,2";
				TEST_TARGET_NAME = "temtem-up";
			};
			name = Release;
		};
/* End XCBuildConfiguration section */

/* Begin XCConfigurationList section */
		A92E3D4529C4681000A99522 /* Build configuration list for PBXProject "temtem-up" */ = {
			isa = XCConfigurationList;
			buildConfigurations = (
				A92E3D6C29C4681100A99522 /* Debug */,
				A92E3D6D29C4681100A99522 /* Release */,
			);
			defaultConfigurationIsVisible = 0;
			defaultConfigurationName = Release;
		};
		A92E3D6E29C4681100A99522 /* Build configuration list for PBXNativeTarget "temtem-up" */ = {
			isa = XCConfigurationList;
			buildConfigurations = (
				A92E3D6F29C4681100A99522 /* Debug */,
				A92E3D7029C4681100A99522 /* Release */,
			);
			defaultConfigurationIsVisible = 0;
			defaultConfigurationName = Release;
		};
		A92E3D7129C4681100A99522 /* Build configuration list for PBXNativeTarget "temtem-upTests" */ = {
			isa = XCConfigurationList;
			buildConfigurations = (
				A92E3D7229C4681100A99522 /* Debug */,
				A92E3D7329C4681100A99522 /* Release */,
			);
			defaultConfigurationIsVisible = 0;
			defaultConfigurationName = Release;
		};
		A92E3D7429C4681100A99522 /* Build configuration list for PBXNativeTarget "temtem-upUITests" */ = {
			isa = XCConfigurationList;
			buildConfigurations = (
				A92E3D7529C4681100A99522 /* Debug */,
				A92E3D7629C4681100A99522 /* Release */,
			);
			defaultConfigurationIsVisible = 0;
			defaultConfigurationName = Release;
		};
/* End XCConfigurationList section */
	};
	rootObject = A92E3D4229C4681000A99522 /* Project object */;
}
